# generated by rye
# use `rye lock` or `rye sync` to update this lockfile
#
# last locked with the following flags:
#   pre: false
#   features: []
#   all-features: false
#   with-sources: false
#   generate-hashes: false
#   universal: false

-e file:.
beautifulsoup4==4.12.3
    # via doi2pdf
bleach==6.2.0
    # via panel
bokeh==3.6.2
    # via panel
certifi==2024.8.30
    # via requests
cffi==1.17.1
    # via cryptography
charset-normalizer==3.4.0
    # via pdfminer-six
    # via requests
colorama==0.4.6
    # via tqdm
coloredlogs==15.0.1
    # via onnxruntime
contourpy==1.3.1
    # via bokeh
    # via matplotlib
cryptography==43.0.3
    # via pdfminer-six
cycler==0.12.1
    # via matplotlib
doi2pdf==0.1.3
    # via fyproject
filelock==3.16.1
    # via huggingface-hub
    # via torch
    # via transformers
flatbuffers==24.3.25
    # via onnxruntime
fonttools==4.55.2
    # via matplotlib
fsspec==2024.10.0
    # via huggingface-hub
    # via torch
huggingface-hub==0.26.2
    # via timm
    # via tokenizers
    # via transformers
    # via unstructured-inference
humanfriendly==10.0
    # via coloredlogs
idna==3.10
    # via requests
iopath==0.1.10
    # via layoutparser
jinja2==3.1.4
    # via bokeh
    # via torch
kiwisolver==1.4.7
    # via matplotlib
layoutparser==0.3.4
    # via fyproject
    # via unstructured-inference
linkify-it-py==2.0.3
    # via panel
markdown==3.7
    # via panel
markdown-it-py==3.0.0
    # via mdit-py-plugins
    # via panel
markupsafe==3.0.2
    # via jinja2
matplotlib==3.9.3
    # via unstructured-inference
mdit-py-plugins==0.4.2
    # via panel
mdurl==0.1.2
    # via markdown-it-py
mpmath==1.3.0
    # via sympy
networkx==3.4.2
    # via torch
numpy==1.26.4
    # via bokeh
    # via contourpy
    # via layoutparser
    # via matplotlib
    # via onnx
    # via onnxruntime
    # via opencv-python
    # via pandas
    # via scipy
    # via torchvision
    # via transformers
    # via unstructured-inference
onnx==1.17.0
    # via unstructured-inference
onnxruntime==1.20.1
    # via unstructured-inference
opencv-python==4.10.0.84
    # via layoutparser
    # via unstructured-inference
packaging==24.1
    # via bokeh
    # via huggingface-hub
    # via matplotlib
    # via onnxruntime
    # via panel
    # via pytesseract
    # via transformers
    # via unstructured-pytesseract
pandas==2.2.3
    # via bokeh
    # via layoutparser
    # via panel
panel==1.5.4
    # via fyproject
param==2.1.1
    # via panel
    # via pyviz-comms
pdf2image==1.17.0
    # via layoutparser
pdfminer-six==20231228
    # via pdfplumber
pdfplumber==0.11.4
    # via layoutparser
pi-heif==0.21.0
    # via fyproject
pillow==11.0.0
    # via bokeh
    # via fyproject
    # via layoutparser
    # via matplotlib
    # via pdf2image
    # via pdfplumber
    # via pi-heif
    # via pytesseract
    # via torchvision
    # via unstructured-pytesseract
portalocker==3.0.0
    # via iopath
protobuf==5.29.1
    # via onnx
    # via onnxruntime
pycparser==2.22
    # via cffi
pymupdf==1.25.0
    # via fyproject
pyparsing==3.2.0
    # via matplotlib
pypdfium2==4.30.0
    # via pdfplumber
pyreadline3==3.5.4
    # via humanfriendly
pytesseract==0.3.13
    # via fyproject
python-dateutil==2.8.2
    # via matplotlib
    # via pandas
python-multipart==0.0.19
    # via unstructured-inference
pytz==2024.2
    # via pandas
pyviz-comms==3.0.3
    # via panel
pywin32==308
    # via portalocker
pyyaml==6.0.2
    # via bokeh
    # via huggingface-hub
    # via layoutparser
    # via timm
    # via transformers
rapidfuzz==3.10.1
    # via unstructured-inference
regex==2024.9.11
    # via transformers
requests==2.32.3
    # via doi2pdf
    # via huggingface-hub
    # via panel
    # via transformers
safetensors==0.4.5
    # via timm
    # via transformers
scipy==1.14.1
    # via layoutparser
setuptools==75.6.0
    # via torch
six==1.16.0
    # via python-dateutil
soupsieve==2.6
    # via beautifulsoup4
sympy==1.13.1
    # via onnxruntime
    # via torch
tesseract==0.1.3
    # via fyproject
timm==1.0.12
    # via unstructured-inference
tokenizers==0.20.1
    # via transformers
torch==2.5.1
    # via fyproject
    # via timm
    # via torchvision
    # via unstructured-inference
torchvision==0.20.1
    # via timm
tornado==6.4.2
    # via bokeh
tqdm==4.66.6
    # via huggingface-hub
    # via iopath
    # via panel
    # via transformers
transformers==4.46.1
    # via fyproject
    # via unstructured-inference
typing-extensions==4.12.2
    # via huggingface-hub
    # via iopath
    # via panel
    # via torch
tzdata==2024.2
    # via pandas
uc-micro-py==1.0.3
    # via linkify-it-py
unstructured-inference==0.8.1
    # via fyproject
unstructured-pytesseract==0.3.13
    # via fyproject
urllib3==2.2.3
    # via requests
webencodings==0.5.1
    # via bleach
xyzservices==2024.9.0
    # via bokeh
